# THIS IS AN AUTOGENERATED FILE. DO NOT EDIT THIS FILE DIRECTLY.
# yarn lockfile v1


"@react-native-community/datetimepicker@^4.0.0":
  version "4.0.0"
  resolved "https://registry.yarnpkg.com/@react-native-community/datetimepicker/-/datetimepicker-4.0.0.tgz#4629ac3d8d54b4024385f2b2a30bbe13640c6ed3"
  integrity sha512-q3JfDHX5PI0AxFeMsB6jcHSXODloXAqBVsOfkIvm+YbAe1TUs/xZ3qGazsKVBk9EdFyHO4k+S1Q8tQkEnk2YrQ==
  dependencies:
    invariant "^2.2.4"

"@react-native-picker/picker@^2.2.1":
  version "2.2.1"
  resolved "https://registry.yarnpkg.com/@react-native-picker/picker/-/picker-2.2.1.tgz#32b9f540d8e88a73d8856f73cca88251cecb9614"
  integrity sha512-EC7yv22QLHlTfnbC1ez9IUdXTOh1W31x96Oir0PfskSGFFJMWWdLTg4VrcE2DsGLzbfjjkBk123c173vf2a5MQ==

invariant@^2.2.4:
  version "2.2.4"
  resolved "https://registry.yarnpkg.com/invariant/-/invariant-2.2.4.tgz#610f3c92c9359ce1db616e538008d23ff35158e6"
  integrity sha512-phJfQVBuaJM5raOpJjSfkiD6BpbCE4Ns//LaXl6wGYtUBY83nWS6Rf9tXm2e8VaK60JEjYldbPif/A2B1C2gNA==
  dependencies:
    loose-envify "^1.0.0"

"js-tokens@^3.0.0 || ^4.0.0":
  version "4.0.0"
  resolved "https://registry.yarnpkg.com/js-tokens/-/js-tokens-4.0.0.tgz#19203fb59991df98e3a287050d4647cdeaf32499"
  integrity sha512-RdJUflcE3cUzKiMqQgsCu06FPu9UdIJO0beYbPhHN4k6apgJtifcoCtT9bcxOpYBtpD2kCM6Sbzg4CausW/PKQ==

loose-envify@^1.0.0:
  version "1.4.0"
  resolved "https://registry.yarnpkg.com/loose-envify/-/loose-envify-1.4.0.tgz#71ee51fa7be4caec1a63839f7e682d8132d30caf"
  integrity sha512-lyuxPGr/Wfhrlem2CL/UcnUc1zcqKAImBDzukY7Y5F/yQiNdko6+fRLevlw1HgMySw7f611UIY408EtxRSoK3Q==
  dependencies:
    js-tokens "^3.0.0 || ^4.0.0"

moment@^2.24.0:
  version "2.29.1"
  resolved "https://registry.yarnpkg.com/moment/-/moment-2.29.1.tgz#b2be769fa31940be9eeea6469c075e35006fa3d3"
  integrity sha512-kHmoybcPV8Sqy59DwNDY3Jefr64lK/by/da0ViFcuA4DH0vQg5Q6Ze5VimxkfQNSC+Mls/Kx53s7TjP1RhFEDQ==
